// !$*UTF8*$!
{
	archiveVersion = 1;
	classes = {
	};
	objectVersion = 56;
	objects = {

/* Begin PBXBuildFile section */
		4E349D832A8939E500D56CA7 /* ArtDetailsViewController.swift in Sources */ = {isa = PBXBuildFile; fileRef = 4E349D822A8939E500D56CA7 /* ArtDetailsViewController.swift */; };
		4E349D852A893A6400D56CA7 /* ArtDetailsPresenter.swift in Sources */ = {isa = PBXBuildFile; fileRef = 4E349D842A893A6400D56CA7 /* ArtDetailsPresenter.swift */; };
		4E349D872A893AE600D56CA7 /* ArtDetailsInteractor.swift in Sources */ = {isa = PBXBuildFile; fileRef = 4E349D862A893AE600D56CA7 /* ArtDetailsInteractor.swift */; };
		4E349D892A893B6B00D56CA7 /* ArtDetailsRouter.swift in Sources */ = {isa = PBXBuildFile; fileRef = 4E349D882A893B6B00D56CA7 /* ArtDetailsRouter.swift */; };
		4E349D8B2A8A013300D56CA7 /* ServiceQuery.swift in Sources */ = {isa = PBXBuildFile; fileRef = 4E349D8A2A8A013300D56CA7 /* ServiceQuery.swift */; };
		4E349D8D2A8A037200D56CA7 /* RijksmuseumServiceQuery.swift in Sources */ = {isa = PBXBuildFile; fileRef = 4E349D8C2A8A037200D56CA7 /* RijksmuseumServiceQuery.swift */; };
		4E349D8F2A8A110D00D56CA7 /* RijksmuseumImageQuery.swift in Sources */ = {isa = PBXBuildFile; fileRef = 4E349D8E2A8A110D00D56CA7 /* RijksmuseumImageQuery.swift */; };
		4E349D912A8A1F7600D56CA7 /* CollectionInteractorTest.swift in Sources */ = {isa = PBXBuildFile; fileRef = 4E349D902A8A1F7600D56CA7 /* CollectionInteractorTest.swift */; };
		4E349D932A8A4B3D00D56CA7 /* ArtDetailsViewControllerTests.swift in Sources */ = {isa = PBXBuildFile; fileRef = 4E349D922A8A4B3D00D56CA7 /* ArtDetailsViewControllerTests.swift */; };
		4E349D982A8A8AAB00D56CA7 /* ArtDetailsInfo.swift in Sources */ = {isa = PBXBuildFile; fileRef = 4E349D972A8A8AAB00D56CA7 /* ArtDetailsInfo.swift */; };
		4E349D9A2A8A8C6A00D56CA7 /* ArtDetails.swift in Sources */ = {isa = PBXBuildFile; fileRef = 4E349D992A8A8C6A00D56CA7 /* ArtDetails.swift */; };
		4E349D9C2A8A8F2E00D56CA7 /* ArtDetailsViewModel.swift in Sources */ = {isa = PBXBuildFile; fileRef = 4E349D9B2A8A8F2E00D56CA7 /* ArtDetailsViewModel.swift */; };
		4E349D9E2A8AA9D100D56CA7 /* ArtDetailsInteractorTest.swift in Sources */ = {isa = PBXBuildFile; fileRef = 4E349D9D2A8AA9D100D56CA7 /* ArtDetailsInteractorTest.swift */; };
		4E349DA02A8ABBEF00D56CA7 /* ArtDetailsPresenterTest.swift in Sources */ = {isa = PBXBuildFile; fileRef = 4E349D9F2A8ABBEF00D56CA7 /* ArtDetailsPresenterTest.swift */; };
		4E4CCACC2A83F29100A201C5 /* CollectionViewCell.swift in Sources */ = {isa = PBXBuildFile; fileRef = 4E4CCACB2A83F29100A201C5 /* CollectionViewCell.swift */; };
		4E4CCACE2A83F60D00A201C5 /* CollectionViewCellModel.swift in Sources */ = {isa = PBXBuildFile; fileRef = 4E4CCACD2A83F60D00A201C5 /* CollectionViewCellModel.swift */; };
		4E4CCAD02A83FE6100A201C5 /* CollectionViewHeader.swift in Sources */ = {isa = PBXBuildFile; fileRef = 4E4CCACF2A83FE6100A201C5 /* CollectionViewHeader.swift */; };
		4E4CCAD22A84002600A201C5 /* CollectionViewHeaderModel.swift in Sources */ = {isa = PBXBuildFile; fileRef = 4E4CCAD12A84002600A201C5 /* CollectionViewHeaderModel.swift */; };
		4E4CCADA2A841C0000A201C5 /* DesignBook.swift in Sources */ = {isa = PBXBuildFile; fileRef = 4E4CCAD92A841C0000A201C5 /* DesignBook.swift */; };
		4EACC24D2A86C1C4002C4101 /* CollectionViewModel.swift in Sources */ = {isa = PBXBuildFile; fileRef = 4EACC24C2A86C1C4002C4101 /* CollectionViewModel.swift */; };
		4EACC2502A86CA65002C4101 /* SkeletonView in Frameworks */ = {isa = PBXBuildFile; productRef = 4EACC24F2A86CA65002C4101 /* SkeletonView */; };
		4EACC2522A86D056002C4101 /* CollectionViewFooter.swift in Sources */ = {isa = PBXBuildFile; fileRef = 4EACC2512A86D056002C4101 /* CollectionViewFooter.swift */; };
		4EACC2562A86DFD5002C4101 /* Service.swift in Sources */ = {isa = PBXBuildFile; fileRef = 4EACC2552A86DFD5002C4101 /* Service.swift */; };
		4EACC2582A86E022002C4101 /* CollectionInfo.swift in Sources */ = {isa = PBXBuildFile; fileRef = 4EACC2572A86E022002C4101 /* CollectionInfo.swift */; };
		4EFCB87B2A8346B600648D78 /* AppDelegate.swift in Sources */ = {isa = PBXBuildFile; fileRef = 4EFCB87A2A8346B600648D78 /* AppDelegate.swift */; };
		4EFCB87F2A8346B600648D78 /* CollectionViewController.swift in Sources */ = {isa = PBXBuildFile; fileRef = 4EFCB87E2A8346B600648D78 /* CollectionViewController.swift */; };
		4EFCB8842A8346B700648D78 /* Assets.xcassets in Resources */ = {isa = PBXBuildFile; fileRef = 4EFCB8832A8346B700648D78 /* Assets.xcassets */; };
		4EFCB8872A8346B700648D78 /* LaunchScreen.storyboard in Resources */ = {isa = PBXBuildFile; fileRef = 4EFCB8852A8346B700648D78 /* LaunchScreen.storyboard */; };
		4EFCB8922A8346B700648D78 /* ProgrammingAssessmentTests.swift in Sources */ = {isa = PBXBuildFile; fileRef = 4EFCB8912A8346B700648D78 /* ProgrammingAssessmentTests.swift */; };
		4EFCB8AB2A834E6400648D78 /* CollectionPresenter.swift in Sources */ = {isa = PBXBuildFile; fileRef = 4EFCB8AA2A834E6400648D78 /* CollectionPresenter.swift */; };
		4EFCB8AD2A834F2600648D78 /* CollectionRouter.swift in Sources */ = {isa = PBXBuildFile; fileRef = 4EFCB8AC2A834F2600648D78 /* CollectionRouter.swift */; };
		4EFCB8AF2A8351A100648D78 /* CollectionInteractor.swift in Sources */ = {isa = PBXBuildFile; fileRef = 4EFCB8AE2A8351A100648D78 /* CollectionInteractor.swift */; };
		4EFCB8B12A83594E00648D78 /* VIPERFactory.swift in Sources */ = {isa = PBXBuildFile; fileRef = 4EFCB8B02A83594E00648D78 /* VIPERFactory.swift */; };
		4EFCB8B32A835D9700648D78 /* CollectionViewControllerTest.swift in Sources */ = {isa = PBXBuildFile; fileRef = 4EFCB8B22A835D9700648D78 /* CollectionViewControllerTest.swift */; };
		4EFCB8B72A836B0900648D78 /* CollectionPage.swift in Sources */ = {isa = PBXBuildFile; fileRef = 4EFCB8B62A836B0900648D78 /* CollectionPage.swift */; };
		4EFCB8B92A83739D00648D78 /* CollectionPresenterTest.swift in Sources */ = {isa = PBXBuildFile; fileRef = 4EFCB8B82A83739D00648D78 /* CollectionPresenterTest.swift */; };
/* End PBXBuildFile section */

/* Begin PBXContainerItemProxy section */
		4EFCB88E2A8346B700648D78 /* PBXContainerItemProxy */ = {
			isa = PBXContainerItemProxy;
			containerPortal = 4EFCB86F2A8346B600648D78 /* Project object */;
			proxyType = 1;
			remoteGlobalIDString = 4EFCB8762A8346B600648D78;
			remoteInfo = ProgrammingAssessment;
		};
/* End PBXContainerItemProxy section */

/* Begin PBXFileReference section */
		4E349D822A8939E500D56CA7 /* ArtDetailsViewController.swift */ = {isa = PBXFileReference; lastKnownFileType = sourcecode.swift; path = ArtDetailsViewController.swift; sourceTree = "<group>"; };
		4E349D842A893A6400D56CA7 /* ArtDetailsPresenter.swift */ = {isa = PBXFileReference; lastKnownFileType = sourcecode.swift; path = ArtDetailsPresenter.swift; sourceTree = "<group>"; };
		4E349D862A893AE600D56CA7 /* ArtDetailsInteractor.swift */ = {isa = PBXFileReference; lastKnownFileType = sourcecode.swift; path = ArtDetailsInteractor.swift; sourceTree = "<group>"; };
		4E349D882A893B6B00D56CA7 /* ArtDetailsRouter.swift */ = {isa = PBXFileReference; lastKnownFileType = sourcecode.swift; path = ArtDetailsRouter.swift; sourceTree = "<group>"; };
		4E349D8A2A8A013300D56CA7 /* ServiceQuery.swift */ = {isa = PBXFileReference; lastKnownFileType = sourcecode.swift; path = ServiceQuery.swift; sourceTree = "<group>"; };
		4E349D8C2A8A037200D56CA7 /* RijksmuseumServiceQuery.swift */ = {isa = PBXFileReference; lastKnownFileType = sourcecode.swift; path = RijksmuseumServiceQuery.swift; sourceTree = "<group>"; };
		4E349D8E2A8A110D00D56CA7 /* RijksmuseumImageQuery.swift */ = {isa = PBXFileReference; lastKnownFileType = sourcecode.swift; path = RijksmuseumImageQuery.swift; sourceTree = "<group>"; };
		4E349D902A8A1F7600D56CA7 /* CollectionInteractorTest.swift */ = {isa = PBXFileReference; lastKnownFileType = sourcecode.swift; path = CollectionInteractorTest.swift; sourceTree = "<group>"; };
		4E349D922A8A4B3D00D56CA7 /* ArtDetailsViewControllerTests.swift */ = {isa = PBXFileReference; lastKnownFileType = sourcecode.swift; path = ArtDetailsViewControllerTests.swift; sourceTree = "<group>"; };
		4E349D972A8A8AAB00D56CA7 /* ArtDetailsInfo.swift */ = {isa = PBXFileReference; lastKnownFileType = sourcecode.swift; path = ArtDetailsInfo.swift; sourceTree = "<group>"; };
		4E349D992A8A8C6A00D56CA7 /* ArtDetails.swift */ = {isa = PBXFileReference; lastKnownFileType = sourcecode.swift; path = ArtDetails.swift; sourceTree = "<group>"; };
		4E349D9B2A8A8F2E00D56CA7 /* ArtDetailsViewModel.swift */ = {isa = PBXFileReference; lastKnownFileType = sourcecode.swift; path = ArtDetailsViewModel.swift; sourceTree = "<group>"; };
		4E349D9D2A8AA9D100D56CA7 /* ArtDetailsInteractorTest.swift */ = {isa = PBXFileReference; lastKnownFileType = sourcecode.swift; path = ArtDetailsInteractorTest.swift; sourceTree = "<group>"; };
		4E349D9F2A8ABBEF00D56CA7 /* ArtDetailsPresenterTest.swift */ = {isa = PBXFileReference; lastKnownFileType = sourcecode.swift; path = ArtDetailsPresenterTest.swift; sourceTree = "<group>"; };
		4E4CCACB2A83F29100A201C5 /* CollectionViewCell.swift */ = {isa = PBXFileReference; lastKnownFileType = sourcecode.swift; path = CollectionViewCell.swift; sourceTree = "<group>"; };
		4E4CCACD2A83F60D00A201C5 /* CollectionViewCellModel.swift */ = {isa = PBXFileReference; lastKnownFileType = sourcecode.swift; path = CollectionViewCellModel.swift; sourceTree = "<group>"; };
		4E4CCACF2A83FE6100A201C5 /* CollectionViewHeader.swift */ = {isa = PBXFileReference; lastKnownFileType = sourcecode.swift; path = CollectionViewHeader.swift; sourceTree = "<group>"; };
		4E4CCAD12A84002600A201C5 /* CollectionViewHeaderModel.swift */ = {isa = PBXFileReference; lastKnownFileType = sourcecode.swift; path = CollectionViewHeaderModel.swift; sourceTree = "<group>"; };
		4E4CCAD92A841C0000A201C5 /* DesignBook.swift */ = {isa = PBXFileReference; fileEncoding = 4; lastKnownFileType = sourcecode.swift; path = DesignBook.swift; sourceTree = "<group>"; };
		4EACC24C2A86C1C4002C4101 /* CollectionViewModel.swift */ = {isa = PBXFileReference; lastKnownFileType = sourcecode.swift; path = CollectionViewModel.swift; sourceTree = "<group>"; };
		4EACC2512A86D056002C4101 /* CollectionViewFooter.swift */ = {isa = PBXFileReference; lastKnownFileType = sourcecode.swift; path = CollectionViewFooter.swift; sourceTree = "<group>"; };
		4EACC2552A86DFD5002C4101 /* Service.swift */ = {isa = PBXFileReference; lastKnownFileType = sourcecode.swift; path = Service.swift; sourceTree = "<group>"; };
		4EACC2572A86E022002C4101 /* CollectionInfo.swift */ = {isa = PBXFileReference; lastKnownFileType = sourcecode.swift; path = CollectionInfo.swift; sourceTree = "<group>"; };
		4EFCB8772A8346B600648D78 /* ProgrammingAssessment.app */ = {isa = PBXFileReference; explicitFileType = wrapper.application; includeInIndex = 0; path = ProgrammingAssessment.app; sourceTree = BUILT_PRODUCTS_DIR; };
		4EFCB87A2A8346B600648D78 /* AppDelegate.swift */ = {isa = PBXFileReference; lastKnownFileType = sourcecode.swift; path = AppDelegate.swift; sourceTree = "<group>"; };
		4EFCB87E2A8346B600648D78 /* CollectionViewController.swift */ = {isa = PBXFileReference; lastKnownFileType = sourcecode.swift; path = CollectionViewController.swift; sourceTree = "<group>"; };
		4EFCB8832A8346B700648D78 /* Assets.xcassets */ = {isa = PBXFileReference; lastKnownFileType = folder.assetcatalog; path = Assets.xcassets; sourceTree = "<group>"; };
		4EFCB8862A8346B700648D78 /* Base */ = {isa = PBXFileReference; lastKnownFileType = file.storyboard; name = Base; path = Base.lproj/LaunchScreen.storyboard; sourceTree = "<group>"; };
		4EFCB8882A8346B700648D78 /* Info.plist */ = {isa = PBXFileReference; lastKnownFileType = text.plist.xml; path = Info.plist; sourceTree = "<group>"; };
		4EFCB88D2A8346B700648D78 /* ProgrammingAssessmentTests.xctest */ = {isa = PBXFileReference; explicitFileType = wrapper.cfbundle; includeInIndex = 0; path = ProgrammingAssessmentTests.xctest; sourceTree = BUILT_PRODUCTS_DIR; };
		4EFCB8912A8346B700648D78 /* ProgrammingAssessmentTests.swift */ = {isa = PBXFileReference; lastKnownFileType = sourcecode.swift; path = ProgrammingAssessmentTests.swift; sourceTree = "<group>"; };
		4EFCB8AA2A834E6400648D78 /* CollectionPresenter.swift */ = {isa = PBXFileReference; lastKnownFileType = sourcecode.swift; path = CollectionPresenter.swift; sourceTree = "<group>"; };
		4EFCB8AC2A834F2600648D78 /* CollectionRouter.swift */ = {isa = PBXFileReference; lastKnownFileType = sourcecode.swift; path = CollectionRouter.swift; sourceTree = "<group>"; };
		4EFCB8AE2A8351A100648D78 /* CollectionInteractor.swift */ = {isa = PBXFileReference; lastKnownFileType = sourcecode.swift; path = CollectionInteractor.swift; sourceTree = "<group>"; };
		4EFCB8B02A83594E00648D78 /* VIPERFactory.swift */ = {isa = PBXFileReference; lastKnownFileType = sourcecode.swift; path = VIPERFactory.swift; sourceTree = "<group>"; };
		4EFCB8B22A835D9700648D78 /* CollectionViewControllerTest.swift */ = {isa = PBXFileReference; lastKnownFileType = sourcecode.swift; path = CollectionViewControllerTest.swift; sourceTree = "<group>"; };
		4EFCB8B62A836B0900648D78 /* CollectionPage.swift */ = {isa = PBXFileReference; lastKnownFileType = sourcecode.swift; path = CollectionPage.swift; sourceTree = "<group>"; };
		4EFCB8B82A83739D00648D78 /* CollectionPresenterTest.swift */ = {isa = PBXFileReference; lastKnownFileType = sourcecode.swift; path = CollectionPresenterTest.swift; sourceTree = "<group>"; };
/* End PBXFileReference section */

/* Begin PBXFrameworksBuildPhase section */
		4EFCB8742A8346B600648D78 /* Frameworks */ = {
			isa = PBXFrameworksBuildPhase;
			buildActionMask = 2147483647;
			files = (
				4EACC2502A86CA65002C4101 /* SkeletonView in Frameworks */,
			);
			runOnlyForDeploymentPostprocessing = 0;
		};
		4EFCB88A2A8346B700648D78 /* Frameworks */ = {
			isa = PBXFrameworksBuildPhase;
			buildActionMask = 2147483647;
			files = (
			);
			runOnlyForDeploymentPostprocessing = 0;
		};
/* End PBXFrameworksBuildPhase section */

/* Begin PBXGroup section */
		4E349D802A891E3E00D56CA7 /* Collection */ = {
			isa = PBXGroup;
			children = (
				4E4CCAD42A840CD900A201C5 /* View */,
				4EFCB8AA2A834E6400648D78 /* CollectionPresenter.swift */,
				4EFCB8AE2A8351A100648D78 /* CollectionInteractor.swift */,
				4EFCB8B62A836B0900648D78 /* CollectionPage.swift */,
				4EFCB8AC2A834F2600648D78 /* CollectionRouter.swift */,
			);
			path = Collection;
			sourceTree = "<group>";
		};
		4E349D812A8933F100D56CA7 /* ArtDetails */ = {
			isa = PBXGroup;
			children = (
				4E349D822A8939E500D56CA7 /* ArtDetailsViewController.swift */,
				4E349D9B2A8A8F2E00D56CA7 /* ArtDetailsViewModel.swift */,
				4E349D842A893A6400D56CA7 /* ArtDetailsPresenter.swift */,
				4E349D862A893AE600D56CA7 /* ArtDetailsInteractor.swift */,
				4E349D992A8A8C6A00D56CA7 /* ArtDetails.swift */,
				4E349D882A893B6B00D56CA7 /* ArtDetailsRouter.swift */,
			);
			path = ArtDetails;
			sourceTree = "<group>";
		};
		4E4CCAD42A840CD900A201C5 /* View */ = {
			isa = PBXGroup;
			children = (
				4EFCB87E2A8346B600648D78 /* CollectionViewController.swift */,
				4EACC24C2A86C1C4002C4101 /* CollectionViewModel.swift */,
				4E4CCAD52A840CEE00A201C5 /* Cells */,
				4E4CCAD62A840E0D00A201C5 /* Header */,
				4EACC2532A86D078002C4101 /* Footer */,
			);
			path = View;
			sourceTree = "<group>";
		};
		4E4CCAD52A840CEE00A201C5 /* Cells */ = {
			isa = PBXGroup;
			children = (
				4E4CCACB2A83F29100A201C5 /* CollectionViewCell.swift */,
				4E4CCACD2A83F60D00A201C5 /* CollectionViewCellModel.swift */,
			);
			path = Cells;
			sourceTree = "<group>";
		};
		4E4CCAD62A840E0D00A201C5 /* Header */ = {
			isa = PBXGroup;
			children = (
				4E4CCACF2A83FE6100A201C5 /* CollectionViewHeader.swift */,
				4E4CCAD12A84002600A201C5 /* CollectionViewHeaderModel.swift */,
			);
			path = Header;
			sourceTree = "<group>";
		};
		4EACC2532A86D078002C4101 /* Footer */ = {
			isa = PBXGroup;
			children = (
				4EACC2512A86D056002C4101 /* CollectionViewFooter.swift */,
			);
			path = Footer;
			sourceTree = "<group>";
		};
		4EACC2542A86DFBA002C4101 /* Service */ = {
			isa = PBXGroup;
			children = (
				4EACC2552A86DFD5002C4101 /* Service.swift */,
				4E349D8C2A8A037200D56CA7 /* RijksmuseumServiceQuery.swift */,
				4E349D8E2A8A110D00D56CA7 /* RijksmuseumImageQuery.swift */,
				4E349D8A2A8A013300D56CA7 /* ServiceQuery.swift */,
				4EACC2572A86E022002C4101 /* CollectionInfo.swift */,
				4E349D972A8A8AAB00D56CA7 /* ArtDetailsInfo.swift */,
			);
			path = Service;
			sourceTree = "<group>";
		};
		4EFCB86E2A8346B600648D78 = {
			isa = PBXGroup;
			children = (
				4EFCB8792A8346B600648D78 /* ProgrammingAssessment */,
				4EFCB8902A8346B700648D78 /* ProgrammingAssessmentTests */,
				4EFCB8782A8346B600648D78 /* Products */,
			);
			sourceTree = "<group>";
		};
		4EFCB8782A8346B600648D78 /* Products */ = {
			isa = PBXGroup;
			children = (
				4EFCB8772A8346B600648D78 /* ProgrammingAssessment.app */,
				4EFCB88D2A8346B700648D78 /* ProgrammingAssessmentTests.xctest */,
			);
			name = Products;
			sourceTree = "<group>";
		};
		4EFCB8792A8346B600648D78 /* ProgrammingAssessment */ = {
			isa = PBXGroup;
			children = (
				4EACC2542A86DFBA002C4101 /* Service */,
				4EFCB87A2A8346B600648D78 /* AppDelegate.swift */,
				4EFCB8B02A83594E00648D78 /* VIPERFactory.swift */,
				4E4CCAD92A841C0000A201C5 /* DesignBook.swift */,
				4E349D802A891E3E00D56CA7 /* Collection */,
				4EFCB8832A8346B700648D78 /* Assets.xcassets */,
				4E349D812A8933F100D56CA7 /* ArtDetails */,
				4EFCB8852A8346B700648D78 /* LaunchScreen.storyboard */,
				4EFCB8882A8346B700648D78 /* Info.plist */,
			);
			path = ProgrammingAssessment;
			sourceTree = "<group>";
		};
		4EFCB8902A8346B700648D78 /* ProgrammingAssessmentTests */ = {
			isa = PBXGroup;
			children = (
				4EFCB8912A8346B700648D78 /* ProgrammingAssessmentTests.swift */,
				4EFCB8B22A835D9700648D78 /* CollectionViewControllerTest.swift */,
				4EFCB8B82A83739D00648D78 /* CollectionPresenterTest.swift */,
				4E349D902A8A1F7600D56CA7 /* CollectionInteractorTest.swift */,
				4E349D922A8A4B3D00D56CA7 /* ArtDetailsViewControllerTests.swift */,
				4E349D9F2A8ABBEF00D56CA7 /* ArtDetailsPresenterTest.swift */,
				4E349D9D2A8AA9D100D56CA7 /* ArtDetailsInteractorTest.swift */,
			);
			path = ProgrammingAssessmentTests;
			sourceTree = "<group>";
		};
/* End PBXGroup section */

/* Begin PBXNativeTarget section */
		4EFCB8762A8346B600648D78 /* ProgrammingAssessment */ = {
			isa = PBXNativeTarget;
			buildConfigurationList = 4EFCB8A12A8346B700648D78 /* Build configuration list for PBXNativeTarget "ProgrammingAssessment" */;
			buildPhases = (
				4EFCB8732A8346B600648D78 /* Sources */,
				4EFCB8742A8346B600648D78 /* Frameworks */,
				4EFCB8752A8346B600648D78 /* Resources */,
			);
			buildRules = (
			);
			dependencies = (
			);
			name = ProgrammingAssessment;
			packageProductDependencies = (
				4EACC24F2A86CA65002C4101 /* SkeletonView */,
			);
			productName = ProgrammingAssessment;
			productReference = 4EFCB8772A8346B600648D78 /* ProgrammingAssessment.app */;
			productType = "com.apple.product-type.application";
		};
		4EFCB88C2A8346B700648D78 /* ProgrammingAssessmentTests */ = {
			isa = PBXNativeTarget;
			buildConfigurationList = 4EFCB8A42A8346B700648D78 /* Build configuration list for PBXNativeTarget "ProgrammingAssessmentTests" */;
			buildPhases = (
				4EFCB8892A8346B700648D78 /* Sources */,
				4EFCB88A2A8346B700648D78 /* Frameworks */,
				4EFCB88B2A8346B700648D78 /* Resources */,
			);
			buildRules = (
			);
			dependencies = (
				4EFCB88F2A8346B700648D78 /* PBXTargetDependency */,
			);
			name = ProgrammingAssessmentTests;
			productName = ProgrammingAssessmentTests;
			productReference = 4EFCB88D2A8346B700648D78 /* ProgrammingAssessmentTests.xctest */;
			productType = "com.apple.product-type.bundle.unit-test";
		};
/* End PBXNativeTarget section */

/* Begin PBXProject section */
		4EFCB86F2A8346B600648D78 /* Project object */ = {
			isa = PBXProject;
			attributes = {
				BuildIndependentTargetsInParallel = 1;
				LastSwiftUpdateCheck = 1420;
				LastUpgradeCheck = 1420;
				TargetAttributes = {
					4EFCB8762A8346B600648D78 = {
						CreatedOnToolsVersion = 14.2;
					};
					4EFCB88C2A8346B700648D78 = {
						CreatedOnToolsVersion = 14.2;
						TestTargetID = 4EFCB8762A8346B600648D78;
					};
				};
			};
			buildConfigurationList = 4EFCB8722A8346B600648D78 /* Build configuration list for PBXProject "ProgrammingAssessment" */;
			compatibilityVersion = "Xcode 14.0";
			developmentRegion = en;
			hasScannedForEncodings = 0;
			knownRegions = (
				en,
				Base,
			);
			mainGroup = 4EFCB86E2A8346B600648D78;
			packageReferences = (
				4EACC24E2A86CA65002C4101 /* XCRemoteSwiftPackageReference "SkeletonView" */,
			);
			productRefGroup = 4EFCB8782A8346B600648D78 /* Products */;
			projectDirPath = "";
			projectRoot = "";
			targets = (
				4EFCB8762A8346B600648D78 /* ProgrammingAssessment */,
				4EFCB88C2A8346B700648D78 /* ProgrammingAssessmentTests */,
			);
		};
/* End PBXProject section */

/* Begin PBXResourcesBuildPhase section */
		4EFCB8752A8346B600648D78 /* Resources */ = {
			isa = PBXResourcesBuildPhase;
			buildActionMask = 2147483647;
			files = (
				4EFCB8872A8346B700648D78 /* LaunchScreen.storyboard in Resources */,
				4EFCB8842A8346B700648D78 /* Assets.xcassets in Resources */,
			);
			runOnlyForDeploymentPostprocessing = 0;
		};
		4EFCB88B2A8346B700648D78 /* Resources */ = {
			isa = PBXResourcesBuildPhase;
			buildActionMask = 2147483647;
			files = (
			);
			runOnlyForDeploymentPostprocessing = 0;
		};
/* End PBXResourcesBuildPhase section */

/* Begin PBXSourcesBuildPhase section */
		4EFCB8732A8346B600648D78 /* Sources */ = {
			isa = PBXSourcesBuildPhase;
			buildActionMask = 2147483647;
			files = (
				4EFCB8B72A836B0900648D78 /* CollectionPage.swift in Sources */,
				4E4CCAD02A83FE6100A201C5 /* CollectionViewHeader.swift in Sources */,
				4EACC24D2A86C1C4002C4101 /* CollectionViewModel.swift in Sources */,
				4E349D872A893AE600D56CA7 /* ArtDetailsInteractor.swift in Sources */,
				4EFCB87F2A8346B600648D78 /* CollectionViewController.swift in Sources */,
				4E349D9C2A8A8F2E00D56CA7 /* ArtDetailsViewModel.swift in Sources */,
				4E349D9A2A8A8C6A00D56CA7 /* ArtDetails.swift in Sources */,
				4E4CCACE2A83F60D00A201C5 /* CollectionViewCellModel.swift in Sources */,
				4E4CCADA2A841C0000A201C5 /* DesignBook.swift in Sources */,
				4E349D852A893A6400D56CA7 /* ArtDetailsPresenter.swift in Sources */,
				4E349D982A8A8AAB00D56CA7 /* ArtDetailsInfo.swift in Sources */,
				4E4CCACC2A83F29100A201C5 /* CollectionViewCell.swift in Sources */,
				4EACC2582A86E022002C4101 /* CollectionInfo.swift in Sources */,
				4E4CCAD22A84002600A201C5 /* CollectionViewHeaderModel.swift in Sources */,
				4EFCB87B2A8346B600648D78 /* AppDelegate.swift in Sources */,
				4EACC2522A86D056002C4101 /* CollectionViewFooter.swift in Sources */,
				4EFCB8AD2A834F2600648D78 /* CollectionRouter.swift in Sources */,
				4E349D8D2A8A037200D56CA7 /* RijksmuseumServiceQuery.swift in Sources */,
				4EACC2562A86DFD5002C4101 /* Service.swift in Sources */,
				4EFCB8AB2A834E6400648D78 /* CollectionPresenter.swift in Sources */,
				4E349D832A8939E500D56CA7 /* ArtDetailsViewController.swift in Sources */,
				4E349D8B2A8A013300D56CA7 /* ServiceQuery.swift in Sources */,
				4E349D8F2A8A110D00D56CA7 /* RijksmuseumImageQuery.swift in Sources */,
				4EFCB8AF2A8351A100648D78 /* CollectionInteractor.swift in Sources */,
				4E349D892A893B6B00D56CA7 /* ArtDetailsRouter.swift in Sources */,
				4EFCB8B12A83594E00648D78 /* VIPERFactory.swift in Sources */,
			);
			runOnlyForDeploymentPostprocessing = 0;
		};
		4EFCB8892A8346B700648D78 /* Sources */ = {
			isa = PBXSourcesBuildPhase;
			buildActionMask = 2147483647;
			files = (
				4E349D912A8A1F7600D56CA7 /* CollectionInteractorTest.swift in Sources */,
				4EFCB8B92A83739D00648D78 /* CollectionPresenterTest.swift in Sources */,
				4EFCB8B32A835D9700648D78 /* CollectionViewControllerTest.swift in Sources */,
				4E349D932A8A4B3D00D56CA7 /* ArtDetailsViewControllerTests.swift in Sources */,
				4E349DA02A8ABBEF00D56CA7 /* ArtDetailsPresenterTest.swift in Sources */,
				4EFCB8922A8346B700648D78 /* ProgrammingAssessmentTests.swift in Sources */,
				4E349D9E2A8AA9D100D56CA7 /* ArtDetailsInteractorTest.swift in Sources */,
			);
			runOnlyForDeploymentPostprocessing = 0;
		};
/* End PBXSourcesBuildPhase section */

/* Begin PBXTargetDependency section */
		4EFCB88F2A8346B700648D78 /* PBXTargetDependency */ = {
			isa = PBXTargetDependency;
			target = 4EFCB8762A8346B600648D78 /* ProgrammingAssessment */;
			targetProxy = 4EFCB88E2A8346B700648D78 /* PBXContainerItemProxy */;
		};
/* End PBXTargetDependency section */

/* Begin PBXVariantGroup section */
		4EFCB8852A8346B700648D78 /* LaunchScreen.storyboard */ = {
			isa = PBXVariantGroup;
			children = (
				4EFCB8862A8346B700648D78 /* Base */,
			);
			name = LaunchScreen.storyboard;
			sourceTree = "<group>";
		};
/* End PBXVariantGroup section */

/* Begin XCBuildConfiguration section */
		4EFCB89F2A8346B700648D78 /* Debug */ = {
			isa = XCBuildConfiguration;
			buildSettings = {
				ALWAYS_SEARCH_USER_PATHS = NO;
				CLANG_ANALYZER_NONNULL = YES;
				CLANG_ANALYZER_NUMBER_OBJECT_CONVERSION = YES_AGGRESSIVE;
				CLANG_CXX_LANGUAGE_STANDARD = "gnu++20";
				CLANG_ENABLE_MODULES = YES;
				CLANG_ENABLE_OBJC_ARC = YES;
				CLANG_ENABLE_OBJC_WEAK = YES;
				CLANG_WARN_BLOCK_CAPTURE_AUTORELEASING = YES;
				CLANG_WARN_BOOL_CONVERSION = YES;
				CLANG_WARN_COMMA = YES;
				CLANG_WARN_CONSTANT_CONVERSION = YES;
				CLANG_WARN_DEPRECATED_OBJC_IMPLEMENTATIONS = YES;
				CLANG_WARN_DIRECT_OBJC_ISA_USAGE = YES_ERROR;
				CLANG_WARN_DOCUMENTATION_COMMENTS = YES;
				CLANG_WARN_EMPTY_BODY = YES;
				CLANG_WARN_ENUM_CONVERSION = YES;
				CLANG_WARN_INFINITE_RECURSION = YES;
				CLANG_WARN_INT_CONVERSION = YES;
				CLANG_WARN_NON_LITERAL_NULL_CONVERSION = YES;
				CLANG_WARN_OBJC_IMPLICIT_RETAIN_SELF = YES;
				CLANG_WARN_OBJC_LITERAL_CONVERSION = YES;
				CLANG_WARN_OBJC_ROOT_CLASS = YES_ERROR;
				CLANG_WARN_QUOTED_INCLUDE_IN_FRAMEWORK_HEADER = YES;
				CLANG_WARN_RANGE_LOOP_ANALYSIS = YES;
				CLANG_WARN_STRICT_PROTOTYPES = YES;
				CLANG_WARN_SUSPICIOUS_MOVE = YES;
				CLANG_WARN_UNGUARDED_AVAILABILITY = YES_AGGRESSIVE;
				CLANG_WARN_UNREACHABLE_CODE = YES;
				CLANG_WARN__DUPLICATE_METHOD_MATCH = YES;
				COPY_PHASE_STRIP = NO;
				DEBUG_INFORMATION_FORMAT = dwarf;
				ENABLE_STRICT_OBJC_MSGSEND = YES;
				ENABLE_TESTABILITY = YES;
				GCC_C_LANGUAGE_STANDARD = gnu11;
				GCC_DYNAMIC_NO_PIC = NO;
				GCC_NO_COMMON_BLOCKS = YES;
				GCC_OPTIMIZATION_LEVEL = 0;
				GCC_PREPROCESSOR_DEFINITIONS = (
					"DEBUG=1",
					"$(inherited)",
				);
				GCC_WARN_64_TO_32_BIT_CONVERSION = YES;
				GCC_WARN_ABOUT_RETURN_TYPE = YES_ERROR;
				GCC_WARN_UNDECLARED_SELECTOR = YES;
				GCC_WARN_UNINITIALIZED_AUTOS = YES_AGGRESSIVE;
				GCC_WARN_UNUSED_FUNCTION = YES;
				GCC_WARN_UNUSED_VARIABLE = YES;
				IPHONEOS_DEPLOYMENT_TARGET = 12.4;
				MTL_ENABLE_DEBUG_INFO = INCLUDE_SOURCE;
				MTL_FAST_MATH = YES;
				ONLY_ACTIVE_ARCH = YES;
				SDKROOT = iphoneos;
				SWIFT_ACTIVE_COMPILATION_CONDITIONS = DEBUG;
				SWIFT_OPTIMIZATION_LEVEL = "-Onone";
			};
			name = Debug;
		};
		4EFCB8A02A8346B700648D78 /* Release */ = {
			isa = XCBuildConfiguration;
			buildSettings = {
				ALWAYS_SEARCH_USER_PATHS = NO;
				CLANG_ANALYZER_NONNULL = YES;
				CLANG_ANALYZER_NUMBER_OBJECT_CONVERSION = YES_AGGRESSIVE;
				CLANG_CXX_LANGUAGE_STANDARD = "gnu++20";
				CLANG_ENABLE_MODULES = YES;
				CLANG_ENABLE_OBJC_ARC = YES;
				CLANG_ENABLE_OBJC_WEAK = YES;
				CLANG_WARN_BLOCK_CAPTURE_AUTORELEASING = YES;
				CLANG_WARN_BOOL_CONVERSION = YES;
				CLANG_WARN_COMMA = YES;
				CLANG_WARN_CONSTANT_CONVERSION = YES;
				CLANG_WARN_DEPRECATED_OBJC_IMPLEMENTATIONS = YES;
				CLANG_WARN_DIRECT_OBJC_ISA_USAGE = YES_ERROR;
				CLANG_WARN_DOCUMENTATION_COMMENTS = YES;
				CLANG_WARN_EMPTY_BODY = YES;
				CLANG_WARN_ENUM_CONVERSION = YES;
				CLANG_WARN_INFINITE_RECURSION = YES;
				CLANG_WARN_INT_CONVERSION = YES;
				CLANG_WARN_NON_LITERAL_NULL_CONVERSION = YES;
				CLANG_WARN_OBJC_IMPLICIT_RETAIN_SELF = YES;
				CLANG_WARN_OBJC_LITERAL_CONVERSION = YES;
				CLANG_WARN_OBJC_ROOT_CLASS = YES_ERROR;
				CLANG_WARN_QUOTED_INCLUDE_IN_FRAMEWORK_HEADER = YES;
				CLANG_WARN_RANGE_LOOP_ANALYSIS = YES;
				CLANG_WARN_STRICT_PROTOTYPES = YES;
				CLANG_WARN_SUSPICIOUS_MOVE = YES;
				CLANG_WARN_UNGUARDED_AVAILABILITY = YES_AGGRESSIVE;
				CLANG_WARN_UNREACHABLE_CODE = YES;
				CLANG_WARN__DUPLICATE_METHOD_MATCH = YES;
				COPY_PHASE_STRIP = NO;
				DEBUG_INFORMATION_FORMAT = "dwarf-with-dsym";
				ENABLE_NS_ASSERTIONS = NO;
				ENABLE_STRICT_OBJC_MSGSEND = YES;
				GCC_C_LANGUAGE_STANDARD = gnu11;
				GCC_NO_COMMON_BLOCKS = YES;
				GCC_WARN_64_TO_32_BIT_CONVERSION = YES;
				GCC_WARN_ABOUT_RETURN_TYPE = YES_ERROR;
				GCC_WARN_UNDECLARED_SELECTOR = YES;
				GCC_WARN_UNINITIALIZED_AUTOS = YES_AGGRESSIVE;
				GCC_WARN_UNUSED_FUNCTION = YES;
				GCC_WARN_UNUSED_VARIABLE = YES;
				IPHONEOS_DEPLOYMENT_TARGET = 12.4;
				MTL_ENABLE_DEBUG_INFO = NO;
				MTL_FAST_MATH = YES;
				SDKROOT = iphoneos;
				SWIFT_COMPILATION_MODE = wholemodule;
				SWIFT_OPTIMIZATION_LEVEL = "-O";
				VALIDATE_PRODUCT = YES;
			};
			name = Release;
		};
		4EFCB8A22A8346B700648D78 /* Debug */ = {
			isa = XCBuildConfiguration;
			buildSettings = {
				ASSETCATALOG_COMPILER_APPICON_NAME = AppIcon;
				ASSETCATALOG_COMPILER_GLOBAL_ACCENT_COLOR_NAME = AccentColor;
				CODE_SIGN_STYLE = Automatic;
				CURRENT_PROJECT_VERSION = 1;
				DEVELOPMENT_TEAM = J92UPG9528;
				GENERATE_INFOPLIST_FILE = YES;
				INFOPLIST_FILE = ProgrammingAssessment/Info.plist;
				INFOPLIST_KEY_UIApplicationSupportsIndirectInputEvents = YES;
				INFOPLIST_KEY_UILaunchStoryboardName = LaunchScreen;
				INFOPLIST_KEY_UISupportedInterfaceOrientations_iPad = "UIInterfaceOrientationPortrait UIInterfaceOrientationPortraitUpsideDown UIInterfaceOrientationLandscapeLeft UIInterfaceOrientationLandscapeRight";
				INFOPLIST_KEY_UISupportedInterfaceOrientations_iPhone = "UIInterfaceOrientationPortrait UIInterfaceOrientationLandscapeLeft UIInterfaceOrientationLandscapeRight";
				IPHONEOS_DEPLOYMENT_TARGET = 12.4;
				LD_RUNPATH_SEARCH_PATHS = (
					"$(inherited)",
					"@executable_path/Frameworks",
				);
				MARKETING_VERSION = 1.0;
				PRODUCT_BUNDLE_IDENTIFIER = org.some.ProgrammingAssessment;
				PRODUCT_NAME = "$(TARGET_NAME)";
				SWIFT_EMIT_LOC_STRINGS = YES;
				SWIFT_VERSION = 5.0;
				TARGETED_DEVICE_FAMILY = "1,2";
			};
			name = Debug;
		};
		4EFCB8A32A8346B700648D78 /* Release */ = {
			isa = XCBuildConfiguration;
			buildSettings = {
				ASSETCATALOG_COMPILER_APPICON_NAME = AppIcon;
				ASSETCATALOG_COMPILER_GLOBAL_ACCENT_COLOR_NAME = AccentColor;
				CODE_SIGN_STYLE = Automatic;
				CURRENT_PROJECT_VERSION = 1;
				DEVELOPMENT_TEAM = J92UPG9528;
				GENERATE_INFOPLIST_FILE = YES;
				INFOPLIST_FILE = ProgrammingAssessment/Info.plist;
				INFOPLIST_KEY_UIApplicationSupportsIndirectInputEvents = YES;
				INFOPLIST_KEY_UILaunchStoryboardName = LaunchScreen;
				INFOPLIST_KEY_UISupportedInterfaceOrientations_iPad = "UIInterfaceOrientationPortrait UIInterfaceOrientationPortraitUpsideDown UIInterfaceOrientationLandscapeLeft UIInterfaceOrientationLandscapeRight";
				INFOPLIST_KEY_UISupportedInterfaceOrientations_iPhone = "UIInterfaceOrientationPortrait UIInterfaceOrientationLandscapeLeft UIInterfaceOrientationLandscapeRight";
				IPHONEOS_DEPLOYMENT_TARGET = 12.4;
				LD_RUNPATH_SEARCH_PATHS = (
					"$(inherited)",
					"@executable_path/Frameworks",
				);
				MARKETING_VERSION = 1.0;
				PRODUCT_BUNDLE_IDENTIFIER = org.some.ProgrammingAssessment;
				PRODUCT_NAME = "$(TARGET_NAME)";
				SWIFT_EMIT_LOC_STRINGS = YES;
				SWIFT_VERSION = 5.0;
				TARGETED_DEVICE_FAMILY = "1,2";
			};
			name = Release;
		};
		4EFCB8A52A8346B700648D78 /* Debug */ = {
			isa = XCBuildConfiguration;
			buildSettings = {
				ALWAYS_EMBED_SWIFT_STANDARD_LIBRARIES = YES;
				BUNDLE_LOADER = "$(TEST_HOST)";
				CODE_SIGN_STYLE = Automatic;
				CURRENT_PROJECT_VERSION = 1;
				DEVELOPMENT_TEAM = J92UPG9528;
				GENERATE_INFOPLIST_FILE = YES;
				IPHONEOS_DEPLOYMENT_TARGET = 16.2;
				MARKETING_VERSION = 1.0;
				PRODUCT_BUNDLE_IDENTIFIER = org.some.ProgrammingAssessmentTests;
				PRODUCT_NAME = "$(TARGET_NAME)";
				SWIFT_EMIT_LOC_STRINGS = NO;
				SWIFT_VERSION = 5.0;
				TARGETED_DEVICE_FAMILY = "1,2";
				TEST_HOST = "$(BUILT_PRODUCTS_DIR)/ProgrammingAssessment.app/$(BUNDLE_EXECUTABLE_FOLDER_PATH)/ProgrammingAssessment";
			};
			name = Debug;
		};
		4EFCB8A62A8346B700648D78 /* Release */ = {
			isa = XCBuildConfiguration;
			buildSettings = {
				ALWAYS_EMBED_SWIFT_STANDARD_LIBRARIES = YES;
				BUNDLE_LOADER = "$(TEST_HOST)";
				CODE_SIGN_STYLE = Automatic;
				CURRENT_PROJECT_VERSION = 1;
				DEVELOPMENT_TEAM = J92UPG9528;
				GENERATE_INFOPLIST_FILE = YES;
				IPHONEOS_DEPLOYMENT_TARGET = 16.2;
				MARKETING_VERSION = 1.0;
				PRODUCT_BUNDLE_IDENTIFIER = org.some.ProgrammingAssessmentTests;
				PRODUCT_NAME = "$(TARGET_NAME)";
				SWIFT_EMIT_LOC_STRINGS = NO;
				SWIFT_VERSION = 5.0;
				TARGETED_DEVICE_FAMILY = "1,2";
				TEST_HOST = "$(BUILT_PRODUCTS_DIR)/ProgrammingAssessment.app/$(BUNDLE_EXECUTABLE_FOLDER_PATH)/ProgrammingAssessment";
			};
			name = Release;
		};
/* End XCBuildConfiguration section */

/* Begin XCConfigurationList section */
		4EFCB8722A8346B600648D78 /* Build configuration list for PBXProject "ProgrammingAssessment" */ = {
			isa = XCConfigurationList;
			buildConfigurations = (
				4EFCB89F2A8346B700648D78 /* Debug */,
				4EFCB8A02A8346B700648D78 /* Release */,
			);
			defaultConfigurationIsVisible = 0;
			defaultConfigurationName = Release;
		};
		4EFCB8A12A8346B700648D78 /* Build configuration list for PBXNativeTarget "ProgrammingAssessment" */ = {
			isa = XCConfigurationList;
			buildConfigurations = (
				4EFCB8A22A8346B700648D78 /* Debug */,
				4EFCB8A32A8346B700648D78 /* Release */,
			);
			defaultConfigurationIsVisible = 0;
			defaultConfigurationName = Release;
		};
		4EFCB8A42A8346B700648D78 /* Build configuration list for PBXNativeTarget "ProgrammingAssessmentTests" */ = {
			isa = XCConfigurationList;
			buildConfigurations = (
				4EFCB8A52A8346B700648D78 /* Debug */,
				4EFCB8A62A8346B700648D78 /* Release */,
			);
			defaultConfigurationIsVisible = 0;
			defaultConfigurationName = Release;
		};
/* End XCConfigurationList section */

/* Begin XCRemoteSwiftPackageReference section */
		4EACC24E2A86CA65002C4101 /* XCRemoteSwiftPackageReference "SkeletonView" */ = {
			isa = XCRemoteSwiftPackageReference;
			repositoryURL = "https://github.com/Juanpe/SkeletonView.git";
			requirement = {
				kind = upToNextMajorVersion;
				minimumVersion = 1.0.0;
			};
		};
/* End XCRemoteSwiftPackageReference section */

/* Begin XCSwiftPackageProductDependency section */
		4EACC24F2A86CA65002C4101 /* SkeletonView */ = {
			isa = XCSwiftPackageProductDependency;
			package = 4EACC24E2A86CA65002C4101 /* XCRemoteSwiftPackageReference "SkeletonView" */;
			productName = SkeletonView;
		};
/* End XCSwiftPackageProductDependency section */
	};
	rootObject = 4EFCB86F2A8346B600648D78 /* Project object */;
}
